
Microsoft Visual Studio Solution File, Format Version 12.00
# Visual Studio Version 17
VisualStudioVersion = 17.4.33213.308
MinimumVisualStudioVersion = 10.0.40219.1
Project("{FAE04EC0-301F-11D3-BF4B-00C04F79EFBC}") = "ChildProcesses", "ChildProcesses\ChildProcesses.csproj", "{022148DA-F7D9-4501-AE60-05A2F14A4078}"
EndProject
Global
	GlobalSection(SolutionConfigurationPlatforms) = preSolution
		Debug|Any CPU = Debug|Any CPU
		Release|Any CPU = Release|Any CPU
	EndGlobalSection
	GlobalSection(ProjectConfigurationPlatforms) = postSolution
		{022148DA-F7D9-4501-AE60-05A2F14A4078}.Debug|Any CPU.ActiveCfg = Debug|Any CPU
		{022148DA-F7D9-4501-AE60-05A2F14A4078}.Debug|Any CPU.Build.0 = Debug|Any CPU
		{022148DA-F7D9-4501-AE60-05A2F14A4078}.Release|Any CPU.ActiveCfg = Release|Any CPU
		{022148DA-F7D9-4501-AE60-05A2F14A4078}.Release|Any CPU.Build.0 = Release|Any CPU
	EndGlobalSection
	GlobalSection(SolutionProperties) = preSolution
		HideSolutionNode = FALSE
	EndGlobalSection
	GlobalSection(ExtensibilityGlobals) = postSolution
		SolutionGuid = {E3217E7D-30B7-45A8-A8A2-8827BA552785}
	EndGlobalSection
EndGlobal
