
Microsoft Visual Studio Solution File, Format Version 12.00
# Visual Studio Version 17
VisualStudioVersion = 17.2.32630.192
MinimumVisualStudioVersion = 10.0.40219.1
Project("{FAE04EC0-301F-11D3-BF4B-00C04F79EFBC}") = "hw6cs", "hw6cs\hw6cs.csproj", "{6ADCC87F-8E20-4104-BDCA-76E88C8463FC}"
EndProject
Global
	GlobalSection(SolutionConfigurationPlatforms) = preSolution
		Debug|Any CPU = Debug|Any CPU
		Release|Any CPU = Release|Any CPU
	EndGlobalSection
	GlobalSection(ProjectConfigurationPlatforms) = postSolution
		{6ADCC87F-8E20-4104-BDCA-76E88C8463FC}.Debug|Any CPU.ActiveCfg = Debug|Any CPU
		{6ADCC87F-8E20-4104-BDCA-76E88C8463FC}.Debug|Any CPU.Build.0 = Debug|Any CPU
		{6ADCC87F-8E20-4104-BDCA-76E88C8463FC}.Release|Any CPU.ActiveCfg = Release|Any CPU
		{6ADCC87F-8E20-4104-BDCA-76E88C8463FC}.Release|Any CPU.Build.0 = Release|Any CPU
	EndGlobalSection
	GlobalSection(SolutionProperties) = preSolution
		HideSolutionNode = FALSE
	EndGlobalSection
	GlobalSection(ExtensibilityGlobals) = postSolution
		SolutionGuid = {81FEF3B8-8620-40BF-A8FA-BC1199D51D4C}
	EndGlobalSection
EndGlobal
