
Microsoft Visual Studio Solution File, Format Version 12.00
# Visual Studio Version 17
VisualStudioVersion = 17.4.33213.308
MinimumVisualStudioVersion = 10.0.40219.1
Project("{FAE04EC0-301F-11D3-BF4B-00C04F79EFBC}") = "ADONEThw2", "ADONEThw2\ADONEThw2.csproj", "{F7BB73AC-A489-475E-92A6-9C01562C639D}"
EndProject
Global
	GlobalSection(SolutionConfigurationPlatforms) = preSolution
		Debug|Any CPU = Debug|Any CPU
		Release|Any CPU = Release|Any CPU
	EndGlobalSection
	GlobalSection(ProjectConfigurationPlatforms) = postSolution
		{F7BB73AC-A489-475E-92A6-9C01562C639D}.Debug|Any CPU.ActiveCfg = Debug|Any CPU
		{F7BB73AC-A489-475E-92A6-9C01562C639D}.Debug|Any CPU.Build.0 = Debug|Any CPU
		{F7BB73AC-A489-475E-92A6-9C01562C639D}.Release|Any CPU.ActiveCfg = Release|Any CPU
		{F7BB73AC-A489-475E-92A6-9C01562C639D}.Release|Any CPU.Build.0 = Release|Any CPU
	EndGlobalSection
	GlobalSection(SolutionProperties) = preSolution
		HideSolutionNode = FALSE
	EndGlobalSection
	GlobalSection(ExtensibilityGlobals) = postSolution
		SolutionGuid = {D8B7AF3B-2256-4192-A23C-60480B031A8C}
	EndGlobalSection
EndGlobal
