
Microsoft Visual Studio Solution File, Format Version 12.00
# Visual Studio Version 17
VisualStudioVersion = 17.2.32630.192
MinimumVisualStudioVersion = 10.0.40219.1
Project("{FAE04EC0-301F-11D3-BF4B-00C04F79EFBC}") = "AdapterPattern", "AdapterAndBridgePatterns\AdapterPattern.csproj", "{AF94D11B-14B0-4ED4-9951-01A6E6F401F4}"
EndProject
Project("{FAE04EC0-301F-11D3-BF4B-00C04F79EFBC}") = "BridgePattern", "BridgePattern\BridgePattern.csproj", "{6BB623C3-3828-4186-8F0D-AD01753AE400}"
EndProject
Global
	GlobalSection(SolutionConfigurationPlatforms) = preSolution
		Debug|Any CPU = Debug|Any CPU
		Release|Any CPU = Release|Any CPU
	EndGlobalSection
	GlobalSection(ProjectConfigurationPlatforms) = postSolution
		{AF94D11B-14B0-4ED4-9951-01A6E6F401F4}.Debug|Any CPU.ActiveCfg = Debug|Any CPU
		{AF94D11B-14B0-4ED4-9951-01A6E6F401F4}.Debug|Any CPU.Build.0 = Debug|Any CPU
		{AF94D11B-14B0-4ED4-9951-01A6E6F401F4}.Release|Any CPU.ActiveCfg = Release|Any CPU
		{AF94D11B-14B0-4ED4-9951-01A6E6F401F4}.Release|Any CPU.Build.0 = Release|Any CPU
		{6BB623C3-3828-4186-8F0D-AD01753AE400}.Debug|Any CPU.ActiveCfg = Debug|Any CPU
		{6BB623C3-3828-4186-8F0D-AD01753AE400}.Debug|Any CPU.Build.0 = Debug|Any CPU
		{6BB623C3-3828-4186-8F0D-AD01753AE400}.Release|Any CPU.ActiveCfg = Release|Any CPU
		{6BB623C3-3828-4186-8F0D-AD01753AE400}.Release|Any CPU.Build.0 = Release|Any CPU
	EndGlobalSection
	GlobalSection(SolutionProperties) = preSolution
		HideSolutionNode = FALSE
	EndGlobalSection
	GlobalSection(ExtensibilityGlobals) = postSolution
		SolutionGuid = {88875077-01C8-4D38-BA56-16409E9796E3}
	EndGlobalSection
EndGlobal
